// !$*UTF8*$!
{
	archiveVersion = 1;
	classes = {
	};
	objectVersion = 56;
	objects = {

/* Begin PBXBuildFile section */
		20ECC1FB2B86EEAC009C5BC0 /* SteamSavvyApp.swift in Sources */ = {isa = PBXBuildFile; fileRef = 20ECC1FA2B86EEAC009C5BC0 /* SteamSavvyApp.swift */; };
		20ECC1FD2B86EEAC009C5BC0 /* ContentView.swift in Sources */ = {isa = PBXBuildFile; fileRef = 20ECC1FC2B86EEAC009C5BC0 /* ContentView.swift */; };
		20ECC1FF2B86EEB0009C5BC0 /* Assets.xcassets in Resources */ = {isa = PBXBuildFile; fileRef = 20ECC1FE2B86EEB0009C5BC0 /* Assets.xcassets */; };
		20ECC2022B86EEB0009C5BC0 /* Preview Assets.xcassets in Resources */ = {isa = PBXBuildFile; fileRef = 20ECC2012B86EEB0009C5BC0 /* Preview Assets.xcassets */; };
		C1542EFF2BA94CBA00D85BEA /* SignUpView.swift in Sources */ = {isa = PBXBuildFile; fileRef = C1542EFE2BA94CBA00D85BEA /* SignUpView.swift */; };
		C1542F012BAE786600D85BEA /* callLoginAPI.swift in Sources */ = {isa = PBXBuildFile; fileRef = C1542F002BAE786600D85BEA /* callLoginAPI.swift */; };
		C177F8DC2B9AB54D00C779A5 /* WelcomeView.swift in Sources */ = {isa = PBXBuildFile; fileRef = C177F8DB2B9AB54D00C779A5 /* WelcomeView.swift */; };
		C179ABEE2B9C771100C06E0B /* LoginView.swift in Sources */ = {isa = PBXBuildFile; fileRef = C179ABED2B9C771100C06E0B /* LoginView.swift */; };
/* End PBXBuildFile section */

/* Begin PBXFileReference section */
		20ECC1F72B86EEAC009C5BC0 /* SteamGuru.app */ = {isa = PBXFileReference; explicitFileType = wrapper.application; includeInIndex = 0; path = SteamGuru.app; sourceTree = BUILT_PRODUCTS_DIR; };
		20ECC1FA2B86EEAC009C5BC0 /* SteamSavvyApp.swift */ = {isa = PBXFileReference; lastKnownFileType = sourcecode.swift; path = SteamSavvyApp.swift; sourceTree = "<group>"; };
		20ECC1FC2B86EEAC009C5BC0 /* ContentView.swift */ = {isa = PBXFileReference; lastKnownFileType = sourcecode.swift; path = ContentView.swift; sourceTree = "<group>"; };
		20ECC1FE2B86EEB0009C5BC0 /* Assets.xcassets */ = {isa = PBXFileReference; lastKnownFileType = folder.assetcatalog; path = Assets.xcassets; sourceTree = "<group>"; };
		20ECC2012B86EEB0009C5BC0 /* Preview Assets.xcassets */ = {isa = PBXFileReference; lastKnownFileType = folder.assetcatalog; path = "Preview Assets.xcassets"; sourceTree = "<group>"; };
		C1542EFE2BA94CBA00D85BEA /* SignUpView.swift */ = {isa = PBXFileReference; lastKnownFileType = sourcecode.swift; path = SignUpView.swift; sourceTree = "<group>"; };
		C1542F002BAE786600D85BEA /* callLoginAPI.swift */ = {isa = PBXFileReference; lastKnownFileType = sourcecode.swift; path = callLoginAPI.swift; sourceTree = "<group>"; };
		C177F8DB2B9AB54D00C779A5 /* WelcomeView.swift */ = {isa = PBXFileReference; lastKnownFileType = sourcecode.swift; path = WelcomeView.swift; sourceTree = "<group>"; };
		C179ABED2B9C771100C06E0B /* LoginView.swift */ = {isa = PBXFileReference; lastKnownFileType = sourcecode.swift; path = LoginView.swift; sourceTree = "<group>"; };
/* End PBXFileReference section */

/* Begin PBXFrameworksBuildPhase section */
		20ECC1F42B86EEAB009C5BC0 /* Frameworks */ = {
			isa = PBXFrameworksBuildPhase;
			buildActionMask = 2147483647;
			files = (
			);
			runOnlyForDeploymentPostprocessing = 0;
		};
/* End PBXFrameworksBuildPhase section */

/* Begin PBXGroup section */
		20ECC1EE2B86EEAB009C5BC0 = {
			isa = PBXGroup;
			children = (
				20ECC1F92B86EEAC009C5BC0 /* SteamGuru */,
				20ECC1F82B86EEAC009C5BC0 /* Products */,
			);
			sourceTree = "<group>";
		};
		20ECC1F82B86EEAC009C5BC0 /* Products */ = {
			isa = PBXGroup;
			children = (
				20ECC1F72B86EEAC009C5BC0 /* SteamGuru.app */,
			);
			name = Products;
			sourceTree = "<group>";
		};
		20ECC1F92B86EEAC009C5BC0 /* SteamGuru */ = {
			isa = PBXGroup;
			children = (
				C177F8DA2B9AB51400C779A5 /* Screens */,
				20ECC1FA2B86EEAC009C5BC0 /* SteamSavvyApp.swift */,
				20ECC1FC2B86EEAC009C5BC0 /* ContentView.swift */,
				C1542F002BAE786600D85BEA /* callLoginAPI.swift */,
				20ECC1FE2B86EEB0009C5BC0 /* Assets.xcassets */,
				20ECC2002B86EEB0009C5BC0 /* Preview Content */,
			);
			path = SteamGuru;
			sourceTree = "<group>";
		};
		20ECC2002B86EEB0009C5BC0 /* Preview Content */ = {
			isa = PBXGroup;
			children = (
				20ECC2012B86EEB0009C5BC0 /* Preview Assets.xcassets */,
			);
			path = "Preview Content";
			sourceTree = "<group>";
		};
		C177F8DA2B9AB51400C779A5 /* Screens */ = {
			isa = PBXGroup;
			children = (
				C177F8DB2B9AB54D00C779A5 /* WelcomeView.swift */,
				C179ABED2B9C771100C06E0B /* LoginView.swift */,
				C1542EFE2BA94CBA00D85BEA /* SignUpView.swift */,
			);
			path = Screens;
			sourceTree = "<group>";
		};
/* End PBXGroup section */

/* Begin PBXNativeTarget section */
		20ECC1F62B86EEAB009C5BC0 /* SteamGuru */ = {
			isa = PBXNativeTarget;
			buildConfigurationList = 20ECC2052B86EEB0009C5BC0 /* Build configuration list for PBXNativeTarget "SteamGuru" */;
			buildPhases = (
				20ECC1F32B86EEAB009C5BC0 /* Sources */,
				20ECC1F42B86EEAB009C5BC0 /* Frameworks */,
				20ECC1F52B86EEAB009C5BC0 /* Resources */,
			);
			buildRules = (
			);
			dependencies = (
			);
			name = SteamGuru;
			productName = SteamSavvy;
			productReference = 20ECC1F72B86EEAC009C5BC0 /* SteamGuru.app */;
			productType = "com.apple.product-type.application";
		};
/* End PBXNativeTarget section */

/* Begin PBXProject section */
		20ECC1EF2B86EEAB009C5BC0 /* Project object */ = {
			isa = PBXProject;
			attributes = {
				BuildIndependentTargetsInParallel = 1;
				LastSwiftUpdateCheck = 1520;
				LastUpgradeCheck = 1520;
				TargetAttributes = {
					20ECC1F62B86EEAB009C5BC0 = {
						CreatedOnToolsVersion = 15.2;
					};
				};
			};
			buildConfigurationList = 20ECC1F22B86EEAB009C5BC0 /* Build configuration list for PBXProject "SteamGuru" */;
			compatibilityVersion = "Xcode 14.0";
			developmentRegion = en;
			hasScannedForEncodings = 0;
			knownRegions = (
				en,
				Base,
			);
			mainGroup = 20ECC1EE2B86EEAB009C5BC0;
			productRefGroup = 20ECC1F82B86EEAC009C5BC0 /* Products */;
			projectDirPath = "";
			projectRoot = "";
			targets = (
				20ECC1F62B86EEAB009C5BC0 /* SteamGuru */,
			);
		};
/* End PBXProject section */

/* Begin PBXResourcesBuildPhase section */
		20ECC1F52B86EEAB009C5BC0 /* Resources */ = {
			isa = PBXResourcesBuildPhase;
			buildActionMask = 2147483647;
			files = (
				20ECC2022B86EEB0009C5BC0 /* Preview Assets.xcassets in Resources */,
				20ECC1FF2B86EEB0009C5BC0 /* Assets.xcassets in Resources */,
			);
			runOnlyForDeploymentPostprocessing = 0;
		};
/* End PBXResourcesBuildPhase section */

/* Begin PBXSourcesBuildPhase section */
		20ECC1F32B86EEAB009C5BC0 /* Sources */ = {
			isa = PBXSourcesBuildPhase;
			buildActionMask = 2147483647;
			files = (
				C1542F012BAE786600D85BEA /* callLoginAPI.swift in Sources */,
				C179ABEE2B9C771100C06E0B /* LoginView.swift in Sources */,
				C1542EFF2BA94CBA00D85BEA /* SignUpView.swift in Sources */,
				C177F8DC2B9AB54D00C779A5 /* WelcomeView.swift in Sources */,
				20ECC1FD2B86EEAC009C5BC0 /* ContentView.swift in Sources */,
				20ECC1FB2B86EEAC009C5BC0 /* SteamSavvyApp.swift in Sources */,
			);
			runOnlyForDeploymentPostprocessing = 0;
		};
/* End PBXSourcesBuildPhase section */

/* Begin XCBuildConfiguration section */
		20ECC2032B86EEB0009C5BC0 /* Debug */ = {
			isa = XCBuildConfiguration;
			buildSettings = {
				ALWAYS_SEARCH_USER_PATHS = NO;
				ASSETCATALOG_COMPILER_GENERATE_SWIFT_ASSET_SYMBOL_EXTENSIONS = YES;
				CLANG_ANALYZER_NONNULL = YES;
				CLANG_ANALYZER_NUMBER_OBJECT_CONVERSION = YES_AGGRESSIVE;
				CLANG_CXX_LANGUAGE_STANDARD = "gnu++20";
				CLANG_ENABLE_MODULES = YES;
				CLANG_ENABLE_OBJC_ARC = YES;
				CLANG_ENABLE_OBJC_WEAK = YES;
				CLANG_WARN_BLOCK_CAPTURE_AUTORELEASING = YES;
				CLANG_WARN_BOOL_CONVERSION = YES;
				CLANG_WARN_COMMA = YES;
				CLANG_WARN_CONSTANT_CONVERSION = YES;
				CLANG_WARN_DEPRECATED_OBJC_IMPLEMENTATIONS = YES;
				CLANG_WARN_DIRECT_OBJC_ISA_USAGE = YES_ERROR;
				CLANG_WARN_DOCUMENTATION_COMMENTS = YES;
				CLANG_WARN_EMPTY_BODY = YES;
				CLANG_WARN_ENUM_CONVERSION = YES;
				CLANG_WARN_INFINITE_RECURSION = YES;
				CLANG_WARN_INT_CONVERSION = YES;
				CLANG_WARN_NON_LITERAL_NULL_CONVERSION = YES;
				CLANG_WARN_OBJC_IMPLICIT_RETAIN_SELF = YES;
				CLANG_WARN_OBJC_LITERAL_CONVERSION = YES;
				CLANG_WARN_OBJC_ROOT_CLASS = YES_ERROR;
				CLANG_WARN_QUOTED_INCLUDE_IN_FRAMEWORK_HEADER = YES;
				CLANG_WARN_RANGE_LOOP_ANALYSIS = YES;
				CLANG_WARN_STRICT_PROTOTYPES = YES;
				CLANG_WARN_SUSPICIOUS_MOVE = YES;
				CLANG_WARN_UNGUARDED_AVAILABILITY = YES_AGGRESSIVE;
				CLANG_WARN_UNREACHABLE_CODE = YES;
				CLANG_WARN__DUPLICATE_METHOD_MATCH = YES;
				COPY_PHASE_STRIP = NO;
				DEBUG_INFORMATION_FORMAT = dwarf;
				ENABLE_STRICT_OBJC_MSGSEND = YES;
				ENABLE_TESTABILITY = YES;
				ENABLE_USER_SCRIPT_SANDBOXING = YES;
				GCC_C_LANGUAGE_STANDARD = gnu17;
				GCC_DYNAMIC_NO_PIC = NO;
				GCC_NO_COMMON_BLOCKS = YES;
				GCC_OPTIMIZATION_LEVEL = 0;
				GCC_PREPROCESSOR_DEFINITIONS = (
					"DEBUG=1",
					"$(inherited)",
				);
				GCC_WARN_64_TO_32_BIT_CONVERSION = YES;
				GCC_WARN_ABOUT_RETURN_TYPE = YES_ERROR;
				GCC_WARN_UNDECLARED_SELECTOR = YES;
				GCC_WARN_UNINITIALIZED_AUTOS = YES_AGGRESSIVE;
				GCC_WARN_UNUSED_FUNCTION = YES;
				GCC_WARN_UNUSED_VARIABLE = YES;
				IPHONEOS_DEPLOYMENT_TARGET = 17.2;
				LOCALIZATION_PREFERS_STRING_CATALOGS = YES;
				MTL_ENABLE_DEBUG_INFO = INCLUDE_SOURCE;
				MTL_FAST_MATH = YES;
				ONLY_ACTIVE_ARCH = YES;
				SDKROOT = iphoneos;
				SWIFT_ACTIVE_COMPILATION_CONDITIONS = "DEBUG $(inherited)";
				SWIFT_OPTIMIZATION_LEVEL = "-Onone";
			};
			name = Debug;
		};
		20ECC2042B86EEB0009C5BC0 /* Release */ = {
			isa = XCBuildConfiguration;
			buildSettings = {
				ALWAYS_SEARCH_USER_PATHS = NO;
				ASSETCATALOG_COMPILER_GENERATE_SWIFT_ASSET_SYMBOL_EXTENSIONS = YES;
				CLANG_ANALYZER_NONNULL = YES;
				CLANG_ANALYZER_NUMBER_OBJECT_CONVERSION = YES_AGGRESSIVE;
				CLANG_CXX_LANGUAGE_STANDARD = "gnu++20";
				CLANG_ENABLE_MODULES = YES;
				CLANG_ENABLE_OBJC_ARC = YES;
				CLANG_ENABLE_OBJC_WEAK = YES;
				CLANG_WARN_BLOCK_CAPTURE_AUTORELEASING = YES;
				CLANG_WARN_BOOL_CONVERSION = YES;
				CLANG_WARN_COMMA = YES;
				CLANG_WARN_CONSTANT_CONVERSION = YES;
				CLANG_WARN_DEPRECATED_OBJC_IMPLEMENTATIONS = YES;
				CLANG_WARN_DIRECT_OBJC_ISA_USAGE = YES_ERROR;
				CLANG_WARN_DOCUMENTATION_COMMENTS = YES;
				CLANG_WARN_EMPTY_BODY = YES;
				CLANG_WARN_ENUM_CONVERSION = YES;
				CLANG_WARN_INFINITE_RECURSION = YES;
				CLANG_WARN_INT_CONVERSION = YES;
				CLANG_WARN_NON_LITERAL_NULL_CONVERSION = YES;
				CLANG_WARN_OBJC_IMPLICIT_RETAIN_SELF = YES;
				CLANG_WARN_OBJC_LITERAL_CONVERSION = YES;
				CLANG_WARN_OBJC_ROOT_CLASS = YES_ERROR;
				CLANG_WARN_QUOTED_INCLUDE_IN_FRAMEWORK_HEADER = YES;
				CLANG_WARN_RANGE_LOOP_ANALYSIS = YES;
				CLANG_WARN_STRICT_PROTOTYPES = YES;
				CLANG_WARN_SUSPICIOUS_MOVE = YES;
				CLANG_WARN_UNGUARDED_AVAILABILITY = YES_AGGRESSIVE;
				CLANG_WARN_UNREACHABLE_CODE = YES;
				CLANG_WARN__DUPLICATE_METHOD_MATCH = YES;
				COPY_PHASE_STRIP = NO;
				DEBUG_INFORMATION_FORMAT = "dwarf-with-dsym";
				ENABLE_NS_ASSERTIONS = NO;
				ENABLE_STRICT_OBJC_MSGSEND = YES;
				ENABLE_USER_SCRIPT_SANDBOXING = YES;
				GCC_C_LANGUAGE_STANDARD = gnu17;
				GCC_NO_COMMON_BLOCKS = YES;
				GCC_WARN_64_TO_32_BIT_CONVERSION = YES;
				GCC_WARN_ABOUT_RETURN_TYPE = YES_ERROR;
				GCC_WARN_UNDECLARED_SELECTOR = YES;
				GCC_WARN_UNINITIALIZED_AUTOS = YES_AGGRESSIVE;
				GCC_WARN_UNUSED_FUNCTION = YES;
				GCC_WARN_UNUSED_VARIABLE = YES;
				IPHONEOS_DEPLOYMENT_TARGET = 17.2;
				LOCALIZATION_PREFERS_STRING_CATALOGS = YES;
				MTL_ENABLE_DEBUG_INFO = NO;
				MTL_FAST_MATH = YES;
				SDKROOT = iphoneos;
				SWIFT_COMPILATION_MODE = wholemodule;
				VALIDATE_PRODUCT = YES;
			};
			name = Release;
		};
		20ECC2062B86EEB0009C5BC0 /* Debug */ = {
			isa = XCBuildConfiguration;
			buildSettings = {
				ASSETCATALOG_COMPILER_APPICON_NAME = AppIcon;
				ASSETCATALOG_COMPILER_GLOBAL_ACCENT_COLOR_NAME = AccentColor;
				CODE_SIGN_STYLE = Automatic;
				CURRENT_PROJECT_VERSION = 1;
				DEVELOPMENT_ASSET_PATHS = "\"SteamGuru/Preview Content\"";
				DEVELOPMENT_TEAM = 8P47T67G4S;
				ENABLE_PREVIEWS = YES;
				GENERATE_INFOPLIST_FILE = YES;
				INFOPLIST_KEY_UIApplicationSceneManifest_Generation = YES;
				INFOPLIST_KEY_UIApplicationSupportsIndirectInputEvents = YES;
				INFOPLIST_KEY_UILaunchScreen_Generation = YES;
				INFOPLIST_KEY_UISupportedInterfaceOrientations_iPad = "UIInterfaceOrientationPortrait UIInterfaceOrientationPortraitUpsideDown UIInterfaceOrientationLandscapeLeft UIInterfaceOrientationLandscapeRight";
				INFOPLIST_KEY_UISupportedInterfaceOrientations_iPhone = "UIInterfaceOrientationPortrait UIInterfaceOrientationLandscapeLeft UIInterfaceOrientationLandscapeRight";
				LD_RUNPATH_SEARCH_PATHS = (
					"$(inherited)",
					"@executable_path/Frameworks",
				);
				MARKETING_VERSION = 1.0;
				PRODUCT_BUNDLE_IDENTIFIER = com.gabegrassi.SteamSavvy;
				PRODUCT_NAME = "$(TARGET_NAME)";
				SWIFT_EMIT_LOC_STRINGS = YES;
				SWIFT_VERSION = 5.0;
				TARGETED_DEVICE_FAMILY = "1,2";
			};
			name = Debug;
		};
		20ECC2072B86EEB0009C5BC0 /* Release */ = {
			isa = XCBuildConfiguration;
			buildSettings = {
				ASSETCATALOG_COMPILER_APPICON_NAME = AppIcon;
				ASSETCATALOG_COMPILER_GLOBAL_ACCENT_COLOR_NAME = AccentColor;
				CODE_SIGN_STYLE = Automatic;
				CURRENT_PROJECT_VERSION = 1;
				DEVELOPMENT_ASSET_PATHS = "\"SteamGuru/Preview Content\"";
				DEVELOPMENT_TEAM = 8P47T67G4S;
				ENABLE_PREVIEWS = YES;
				GENERATE_INFOPLIST_FILE = YES;
				INFOPLIST_KEY_UIApplicationSceneManifest_Generation = YES;
				INFOPLIST_KEY_UIApplicationSupportsIndirectInputEvents = YES;
				INFOPLIST_KEY_UILaunchScreen_Generation = YES;
				INFOPLIST_KEY_UISupportedInterfaceOrientations_iPad = "UIInterfaceOrientationPortrait UIInterfaceOrientationPortraitUpsideDown UIInterfaceOrientationLandscapeLeft UIInterfaceOrientationLandscapeRight";
				INFOPLIST_KEY_UISupportedInterfaceOrientations_iPhone = "UIInterfaceOrientationPortrait UIInterfaceOrientationLandscapeLeft UIInterfaceOrientationLandscapeRight";
				LD_RUNPATH_SEARCH_PATHS = (
					"$(inherited)",
					"@executable_path/Frameworks",
				);
				MARKETING_VERSION = 1.0;
				PRODUCT_BUNDLE_IDENTIFIER = com.gabegrassi.SteamSavvy;
				PRODUCT_NAME = "$(TARGET_NAME)";
				SWIFT_EMIT_LOC_STRINGS = YES;
				SWIFT_VERSION = 5.0;
				TARGETED_DEVICE_FAMILY = "1,2";
			};
			name = Release;
		};
/* End XCBuildConfiguration section */

/* Begin XCConfigurationList section */
		20ECC1F22B86EEAB009C5BC0 /* Build configuration list for PBXProject "SteamGuru" */ = {
			isa = XCConfigurationList;
			buildConfigurations = (
				20ECC2032B86EEB0009C5BC0 /* Debug */,
				20ECC2042B86EEB0009C5BC0 /* Release */,
			);
			defaultConfigurationIsVisible = 0;
			defaultConfigurationName = Release;
		};
		20ECC2052B86EEB0009C5BC0 /* Build configuration list for PBXNativeTarget "SteamGuru" */ = {
			isa = XCConfigurationList;
			buildConfigurations = (
				20ECC2062B86EEB0009C5BC0 /* Debug */,
				20ECC2072B86EEB0009C5BC0 /* Release */,
			);
			defaultConfigurationIsVisible = 0;
			defaultConfigurationName = Release;
		};
/* End XCConfigurationList section */
	};
	rootObject = 20ECC1EF2B86EEAB009C5BC0 /* Project object */;
}
